schema: '2.0'
stages:
  stage_name:
    cmd: python src/stage_01_get_data.py --config=configs/config.yaml
    deps:
    - path: configs/config.yaml
      md5: bd600018415b55df9a73f47493385da5
      size: 622
    - path: src/stage_01_get_data.py
      md5: bd7d84bb60f3343130d1ca67919b31fe
      size: 1635
    - path: src/utils/common.py
      md5: d162961d817182441383bdb0e674e685
      size: 675
    outs:
    - path: data/data.xml
      md5: a304afb96060aad90176268345e10355
      size: 37891850
